// !$*UTF8*$!
{
	archiveVersion = 1;
	classes = {
	};
	objectVersion = 50;
	objects = {

/* Begin PBXBuildFile section */
		090461C73F9F75874028C41D /* Pods_SPBinApp.framework in Frameworks */ = {isa = PBXBuildFile; fileRef = 6EC064F67FCA36B76C3B340F /* Pods_SPBinApp.framework */; };
		BE438E422136C52300C44611 /* SPBWkWebViewController.swift in Sources */ = {isa = PBXBuildFile; fileRef = BE438E412136C52300C44611 /* SPBWkWebViewController.swift */; };
		BE4D9F80213539620031685F /* AppDelegate.swift in Sources */ = {isa = PBXBuildFile; fileRef = BE4D9F7F213539620031685F /* AppDelegate.swift */; };
		BE4D9F82213539620031685F /* ViewController.swift in Sources */ = {isa = PBXBuildFile; fileRef = BE4D9F81213539620031685F /* ViewController.swift */; };
		BE4D9F85213539620031685F /* Main.storyboard in Resources */ = {isa = PBXBuildFile; fileRef = BE4D9F83213539620031685F /* Main.storyboard */; };
		BE4D9F87213539630031685F /* Assets.xcassets in Resources */ = {isa = PBXBuildFile; fileRef = BE4D9F86213539630031685F /* Assets.xcassets */; };
		BE4D9F8A213539630031685F /* LaunchScreen.storyboard in Resources */ = {isa = PBXBuildFile; fileRef = BE4D9F88213539630031685F /* LaunchScreen.storyboard */; };
		BEB750B021355E33002DF51A /* Images.xcassets in Resources */ = {isa = PBXBuildFile; fileRef = BEB750AF21355E33002DF51A /* Images.xcassets */; };
		BEC73F4C2135FD5A00530894 /* libPPRiskComponent.a in Frameworks */ = {isa = PBXBuildFile; fileRef = BEC73F4B2135FD5A00530894 /* libPPRiskComponent.a */; };
		BECC12A4213803470035F1BE /* Security.framework in Frameworks */ = {isa = PBXBuildFile; fileRef = BECC12A3213803470035F1BE /* Security.framework */; };
		BECC12A6213803500035F1BE /* CoreGraphics.framework in Frameworks */ = {isa = PBXBuildFile; fileRef = BECC12A5213803500035F1BE /* CoreGraphics.framework */; };
		BECC12A82138035A0035F1BE /* SystemConfiguration.framework in Frameworks */ = {isa = PBXBuildFile; fileRef = BECC12A72138035A0035F1BE /* SystemConfiguration.framework */; };
		BECC12AA213803680035F1BE /* CFNetwork.framework in Frameworks */ = {isa = PBXBuildFile; fileRef = BECC12A9213803680035F1BE /* CFNetwork.framework */; };
		BECC12AC213803710035F1BE /* MessageUI.framework in Frameworks */ = {isa = PBXBuildFile; fileRef = BECC12AB213803710035F1BE /* MessageUI.framework */; };
		BECC12AE213803780035F1BE /* CoreLocation.framework in Frameworks */ = {isa = PBXBuildFile; fileRef = BECC12AD213803780035F1BE /* CoreLocation.framework */; };
		BECC12B0213803800035F1BE /* Foundation.framework in Frameworks */ = {isa = PBXBuildFile; fileRef = BECC12AF213803800035F1BE /* Foundation.framework */; };
/* End PBXBuildFile section */

/* Begin PBXFileReference section */
		5D861610CAEC8880B554B7DE /* Pods-SPBinApp.release.xcconfig */ = {isa = PBXFileReference; includeInIndex = 1; lastKnownFileType = text.xcconfig; name = "Pods-SPBinApp.release.xcconfig"; path = "Pods/Target Support Files/Pods-SPBinApp/Pods-SPBinApp.release.xcconfig"; sourceTree = "<group>"; };
		618C1757598A0DA4DD18DA7B /* Pods-SPBinApp.debug.xcconfig */ = {isa = PBXFileReference; includeInIndex = 1; lastKnownFileType = text.xcconfig; name = "Pods-SPBinApp.debug.xcconfig"; path = "Pods/Target Support Files/Pods-SPBinApp/Pods-SPBinApp.debug.xcconfig"; sourceTree = "<group>"; };
		6EC064F67FCA36B76C3B340F /* Pods_SPBinApp.framework */ = {isa = PBXFileReference; explicitFileType = wrapper.framework; includeInIndex = 0; path = Pods_SPBinApp.framework; sourceTree = BUILT_PRODUCTS_DIR; };
		BE438E412136C52300C44611 /* SPBWkWebViewController.swift */ = {isa = PBXFileReference; lastKnownFileType = sourcecode.swift; path = SPBWkWebViewController.swift; sourceTree = "<group>"; };
		BE4D9F7C213539620031685F /* SPBinApp.app */ = {isa = PBXFileReference; explicitFileType = wrapper.application; includeInIndex = 0; path = SPBinApp.app; sourceTree = BUILT_PRODUCTS_DIR; };
		BE4D9F7F213539620031685F /* AppDelegate.swift */ = {isa = PBXFileReference; lastKnownFileType = sourcecode.swift; path = AppDelegate.swift; sourceTree = "<group>"; };
		BE4D9F81213539620031685F /* ViewController.swift */ = {isa = PBXFileReference; lastKnownFileType = sourcecode.swift; path = ViewController.swift; sourceTree = "<group>"; };
		BE4D9F84213539620031685F /* Base */ = {isa = PBXFileReference; lastKnownFileType = file.storyboard; name = Base; path = Base.lproj/Main.storyboard; sourceTree = "<group>"; };
		BE4D9F86213539630031685F /* Assets.xcassets */ = {isa = PBXFileReference; lastKnownFileType = folder.assetcatalog; path = Assets.xcassets; sourceTree = "<group>"; };
		BE4D9F89213539630031685F /* Base */ = {isa = PBXFileReference; lastKnownFileType = file.storyboard; name = Base; path = Base.lproj/LaunchScreen.storyboard; sourceTree = "<group>"; };
		BE4D9F8B213539630031685F /* Info.plist */ = {isa = PBXFileReference; lastKnownFileType = text.plist.xml; path = Info.plist; sourceTree = "<group>"; };
		BE4D9F912135494A0031685F /* PPRiskComponent.h */ = {isa = PBXFileReference; lastKnownFileType = sourcecode.c.h; path = PPRiskComponent.h; sourceTree = "<group>"; };
		BE4D9F92213549700031685F /* PPRiskBridge.h */ = {isa = PBXFileReference; lastKnownFileType = sourcecode.c.h; path = PPRiskBridge.h; sourceTree = "<group>"; };
		BEB750AF21355E33002DF51A /* Images.xcassets */ = {isa = PBXFileReference; lastKnownFileType = folder.assetcatalog; path = Images.xcassets; sourceTree = "<group>"; };
		BEC73F4B2135FD5A00530894 /* libPPRiskComponent.a */ = {isa = PBXFileReference; lastKnownFileType = archive.ar; path = libPPRiskComponent.a; sourceTree = "<group>"; };
		BECC12A3213803470035F1BE /* Security.framework */ = {isa = PBXFileReference; lastKnownFileType = wrapper.framework; name = Security.framework; path = System/Library/Frameworks/Security.framework; sourceTree = SDKROOT; };
		BECC12A5213803500035F1BE /* CoreGraphics.framework */ = {isa = PBXFileReference; lastKnownFileType = wrapper.framework; name = CoreGraphics.framework; path = System/Library/Frameworks/CoreGraphics.framework; sourceTree = SDKROOT; };
		BECC12A72138035A0035F1BE /* SystemConfiguration.framework */ = {isa = PBXFileReference; lastKnownFileType = wrapper.framework; name = SystemConfiguration.framework; path = System/Library/Frameworks/SystemConfiguration.framework; sourceTree = SDKROOT; };
		BECC12A9213803680035F1BE /* CFNetwork.framework */ = {isa = PBXFileReference; lastKnownFileType = wrapper.framework; name = CFNetwork.framework; path = System/Library/Frameworks/CFNetwork.framework; sourceTree = SDKROOT; };
		BECC12AB213803710035F1BE /* MessageUI.framework */ = {isa = PBXFileReference; lastKnownFileType = wrapper.framework; name = MessageUI.framework; path = System/Library/Frameworks/MessageUI.framework; sourceTree = SDKROOT; };
		BECC12AD213803780035F1BE /* CoreLocation.framework */ = {isa = PBXFileReference; lastKnownFileType = wrapper.framework; name = CoreLocation.framework; path = System/Library/Frameworks/CoreLocation.framework; sourceTree = SDKROOT; };
		BECC12AF213803800035F1BE /* Foundation.framework */ = {isa = PBXFileReference; lastKnownFileType = wrapper.framework; name = Foundation.framework; path = System/Library/Frameworks/Foundation.framework; sourceTree = SDKROOT; };
/* End PBXFileReference section */

/* Begin PBXFrameworksBuildPhase section */
		BE4D9F79213539620031685F /* Frameworks */ = {
			isa = PBXFrameworksBuildPhase;
			buildActionMask = 2147483647;
			files = (
				BECC12B0213803800035F1BE /* Foundation.framework in Frameworks */,
				BECC12AE213803780035F1BE /* CoreLocation.framework in Frameworks */,
				BECC12AC213803710035F1BE /* MessageUI.framework in Frameworks */,
				BECC12AA213803680035F1BE /* CFNetwork.framework in Frameworks */,
				BECC12A82138035A0035F1BE /* SystemConfiguration.framework in Frameworks */,
				BECC12A6213803500035F1BE /* CoreGraphics.framework in Frameworks */,
				BECC12A4213803470035F1BE /* Security.framework in Frameworks */,
				BEC73F4C2135FD5A00530894 /* libPPRiskComponent.a in Frameworks */,
				090461C73F9F75874028C41D /* Pods_SPBinApp.framework in Frameworks */,
			);
			runOnlyForDeploymentPostprocessing = 0;
		};
/* End PBXFrameworksBuildPhase section */

/* Begin PBXGroup section */
		A0E9228C662AC340974AFF94 /* Pods */ = {
			isa = PBXGroup;
			children = (
				618C1757598A0DA4DD18DA7B /* Pods-SPBinApp.debug.xcconfig */,
				5D861610CAEC8880B554B7DE /* Pods-SPBinApp.release.xcconfig */,
			);
			name = Pods;
			sourceTree = "<group>";
		};
		BE4D9F73213539620031685F = {
			isa = PBXGroup;
			children = (
				BE4D9F7E213539620031685F /* SPBinApp */,
				BE4D9F7D213539620031685F /* Products */,
				A0E9228C662AC340974AFF94 /* Pods */,
				DE0775F348E5A12B567ADF91 /* Frameworks */,
			);
			sourceTree = "<group>";
		};
		BE4D9F7D213539620031685F /* Products */ = {
			isa = PBXGroup;
			children = (
				BE4D9F7C213539620031685F /* SPBinApp.app */,
			);
			name = Products;
			sourceTree = "<group>";
		};
		BE4D9F7E213539620031685F /* SPBinApp */ = {
			isa = PBXGroup;
			children = (
				BE4D9F912135494A0031685F /* PPRiskComponent.h */,
				BE4D9F92213549700031685F /* PPRiskBridge.h */,
				BE4D9F7F213539620031685F /* AppDelegate.swift */,
				BE4D9F81213539620031685F /* ViewController.swift */,
				BE4D9F83213539620031685F /* Main.storyboard */,
				BE4D9F86213539630031685F /* Assets.xcassets */,
				BE4D9F88213539630031685F /* LaunchScreen.storyboard */,
				BE4D9F8B213539630031685F /* Info.plist */,
				BEB750AF21355E33002DF51A /* Images.xcassets */,
				BE438E412136C52300C44611 /* SPBWkWebViewController.swift */,
			);
			path = SPBinApp;
			sourceTree = "<group>";
		};
		DE0775F348E5A12B567ADF91 /* Frameworks */ = {
			isa = PBXGroup;
			children = (
				BECC12AF213803800035F1BE /* Foundation.framework */,
				BECC12AD213803780035F1BE /* CoreLocation.framework */,
				BECC12AB213803710035F1BE /* MessageUI.framework */,
				BECC12A9213803680035F1BE /* CFNetwork.framework */,
				BECC12A72138035A0035F1BE /* SystemConfiguration.framework */,
				BECC12A5213803500035F1BE /* CoreGraphics.framework */,
				BECC12A3213803470035F1BE /* Security.framework */,
				BEC73F4B2135FD5A00530894 /* libPPRiskComponent.a */,
				6EC064F67FCA36B76C3B340F /* Pods_SPBinApp.framework */,
			);
			name = Frameworks;
			sourceTree = "<group>";
		};
/* End PBXGroup section */

/* Begin PBXNativeTarget section */
		BE4D9F7B213539620031685F /* SPBinApp */ = {
			isa = PBXNativeTarget;
			buildConfigurationList = BE4D9F8E213539630031685F /* Build configuration list for PBXNativeTarget "SPBinApp" */;
			buildPhases = (
				74BC6036AC7884025D7A4CAD /* [CP] Check Pods Manifest.lock */,
				BE4D9F78213539620031685F /* Sources */,
				BE4D9F79213539620031685F /* Frameworks */,
				BE4D9F7A213539620031685F /* Resources */,
				761232C398758206860A7040 /* [CP] Embed Pods Frameworks */,
			);
			buildRules = (
			);
			dependencies = (
			);
			name = SPBinApp;
			productName = SPBinApp;
			productReference = BE4D9F7C213539620031685F /* SPBinApp.app */;
			productType = "com.apple.product-type.application";
		};
/* End PBXNativeTarget section */

/* Begin PBXProject section */
		BE4D9F74213539620031685F /* Project object */ = {
			isa = PBXProject;
			attributes = {
				LastSwiftUpdateCheck = 0940;
				LastUpgradeCheck = 0940;
				ORGANIZATIONNAME = "Bondi, Andrea";
				TargetAttributes = {
					BE4D9F7B213539620031685F = {
						CreatedOnToolsVersion = 9.4.1;
					};
				};
			};
			buildConfigurationList = BE4D9F77213539620031685F /* Build configuration list for PBXProject "SPBinApp" */;
			compatibilityVersion = "Xcode 9.3";
			developmentRegion = en;
			hasScannedForEncodings = 0;
			knownRegions = (
				en,
				Base,
			);
			mainGroup = BE4D9F73213539620031685F;
			productRefGroup = BE4D9F7D213539620031685F /* Products */;
			projectDirPath = "";
			projectRoot = "";
			targets = (
				BE4D9F7B213539620031685F /* SPBinApp */,
			);
		};
/* End PBXProject section */

/* Begin PBXResourcesBuildPhase section */
		BE4D9F7A213539620031685F /* Resources */ = {
			isa = PBXResourcesBuildPhase;
			buildActionMask = 2147483647;
			files = (
				BE4D9F8A213539630031685F /* LaunchScreen.storyboard in Resources */,
				BEB750B021355E33002DF51A /* Images.xcassets in Resources */,
				BE4D9F87213539630031685F /* Assets.xcassets in Resources */,
				BE4D9F85213539620031685F /* Main.storyboard in Resources */,
			);
			runOnlyForDeploymentPostprocessing = 0;
		};
/* End PBXResourcesBuildPhase section */

/* Begin PBXShellScriptBuildPhase section */
		74BC6036AC7884025D7A4CAD /* [CP] Check Pods Manifest.lock */ = {
			isa = PBXShellScriptBuildPhase;
			buildActionMask = 2147483647;
			files = (
			);
			inputPaths = (
				"${PODS_PODFILE_DIR_PATH}/Podfile.lock",
				"${PODS_ROOT}/Manifest.lock",
			);
			name = "[CP] Check Pods Manifest.lock";
			outputPaths = (
				"$(DERIVED_FILE_DIR)/Pods-SPBinApp-checkManifestLockResult.txt",
			);
			runOnlyForDeploymentPostprocessing = 0;
			shellPath = /bin/sh;
			shellScript = "diff \"${PODS_PODFILE_DIR_PATH}/Podfile.lock\" \"${PODS_ROOT}/Manifest.lock\" > /dev/null\nif [ $? != 0 ] ; then\n    # print error to STDERR\n    echo \"error: The sandbox is not in sync with the Podfile.lock. Run 'pod install' or update your CocoaPods installation.\" >&2\n    exit 1\nfi\n# This output is used by Xcode 'outputs' to avoid re-running this script phase.\necho \"SUCCESS\" > \"${SCRIPT_OUTPUT_FILE_0}\"\n";
			showEnvVarsInLog = 0;
		};
		761232C398758206860A7040 /* [CP] Embed Pods Frameworks */ = {
			isa = PBXShellScriptBuildPhase;
			buildActionMask = 2147483647;
			files = (
			);
			inputPaths = (
				"${SRCROOT}/Pods/Target Support Files/Pods-SPBinApp/Pods-SPBinApp-frameworks.sh",
				"${BUILT_PRODUCTS_DIR}/Alamofire/Alamofire.framework",
				"${BUILT_PRODUCTS_DIR}/NVActivityIndicatorView/NVActivityIndicatorView.framework",
				"${BUILT_PRODUCTS_DIR}/SwiftyJSON/SwiftyJSON.framework",
			);
			name = "[CP] Embed Pods Frameworks";
			outputPaths = (
				"${TARGET_BUILD_DIR}/${FRAMEWORKS_FOLDER_PATH}/Alamofire.framework",
				"${TARGET_BUILD_DIR}/${FRAMEWORKS_FOLDER_PATH}/NVActivityIndicatorView.framework",
				"${TARGET_BUILD_DIR}/${FRAMEWORKS_FOLDER_PATH}/SwiftyJSON.framework",
			);
			runOnlyForDeploymentPostprocessing = 0;
			shellPath = /bin/sh;
			shellScript = "\"${SRCROOT}/Pods/Target Support Files/Pods-SPBinApp/Pods-SPBinApp-frameworks.sh\"\n";
			showEnvVarsInLog = 0;
		};
/* End PBXShellScriptBuildPhase section */

/* Begin PBXSourcesBuildPhase section */
		BE4D9F78213539620031685F /* Sources */ = {
			isa = PBXSourcesBuildPhase;
			buildActionMask = 2147483647;
			files = (
				BE4D9F82213539620031685F /* ViewController.swift in Sources */,
				BE4D9F80213539620031685F /* AppDelegate.swift in Sources */,
				BE438E422136C52300C44611 /* SPBWkWebViewController.swift in Sources */,
			);
			runOnlyForDeploymentPostprocessing = 0;
		};
/* End PBXSourcesBuildPhase section */

/* Begin PBXVariantGroup section */
		BE4D9F83213539620031685F /* Main.storyboard */ = {
			isa = PBXVariantGroup;
			children = (
				BE4D9F84213539620031685F /* Base */,
			);
			name = Main.storyboard;
			sourceTree = "<group>";
		};
		BE4D9F88213539630031685F /* LaunchScreen.storyboard */ = {
			isa = PBXVariantGroup;
			children = (
				BE4D9F89213539630031685F /* Base */,
			);
			name = LaunchScreen.storyboard;
			sourceTree = "<group>";
		};
/* End PBXVariantGroup section */

/* Begin XCBuildConfiguration section */
		BE4D9F8C213539630031685F /* Debug */ = {
			isa = XCBuildConfiguration;
			buildSettings = {
				ALWAYS_SEARCH_USER_PATHS = NO;
				CLANG_ANALYZER_NONNULL = YES;
				CLANG_ANALYZER_NUMBER_OBJECT_CONVERSION = YES_AGGRESSIVE;
				CLANG_CXX_LANGUAGE_STANDARD = "gnu++14";
				CLANG_CXX_LIBRARY = "libc++";
				CLANG_ENABLE_MODULES = YES;
				CLANG_ENABLE_OBJC_ARC = YES;
				CLANG_ENABLE_OBJC_WEAK = YES;
				CLANG_WARN_BLOCK_CAPTURE_AUTORELEASING = YES;
				CLANG_WARN_BOOL_CONVERSION = YES;
				CLANG_WARN_COMMA = YES;
				CLANG_WARN_CONSTANT_CONVERSION = YES;
				CLANG_WARN_DEPRECATED_OBJC_IMPLEMENTATIONS = YES;
				CLANG_WARN_DIRECT_OBJC_ISA_USAGE = YES_ERROR;
				CLANG_WARN_DOCUMENTATION_COMMENTS = YES;
				CLANG_WARN_EMPTY_BODY = YES;
				CLANG_WARN_ENUM_CONVERSION = YES;
				CLANG_WARN_INFINITE_RECURSION = YES;
				CLANG_WARN_INT_CONVERSION = YES;
				CLANG_WARN_NON_LITERAL_NULL_CONVERSION = YES;
				CLANG_WARN_OBJC_IMPLICIT_RETAIN_SELF = YES;
				CLANG_WARN_OBJC_LITERAL_CONVERSION = YES;
				CLANG_WARN_OBJC_ROOT_CLASS = YES_ERROR;
				CLANG_WARN_RANGE_LOOP_ANALYSIS = YES;
				CLANG_WARN_STRICT_PROTOTYPES = YES;
				CLANG_WARN_SUSPICIOUS_MOVE = YES;
				CLANG_WARN_UNGUARDED_AVAILABILITY = YES_AGGRESSIVE;
				CLANG_WARN_UNREACHABLE_CODE = YES;
				CLANG_WARN__DUPLICATE_METHOD_MATCH = YES;
				CODE_SIGN_IDENTITY = "iPhone Developer";
				COPY_PHASE_STRIP = NO;
				DEBUG_INFORMATION_FORMAT = dwarf;
				ENABLE_STRICT_OBJC_MSGSEND = YES;
				ENABLE_TESTABILITY = YES;
				GCC_C_LANGUAGE_STANDARD = gnu11;
				GCC_DYNAMIC_NO_PIC = NO;
				GCC_NO_COMMON_BLOCKS = YES;
				GCC_OPTIMIZATION_LEVEL = 0;
				GCC_PREPROCESSOR_DEFINITIONS = (
					"DEBUG=1",
					"$(inherited)",
				);
				GCC_WARN_64_TO_32_BIT_CONVERSION = YES;
				GCC_WARN_ABOUT_RETURN_TYPE = YES_ERROR;
				GCC_WARN_UNDECLARED_SELECTOR = YES;
				GCC_WARN_UNINITIALIZED_AUTOS = YES_AGGRESSIVE;
				GCC_WARN_UNUSED_FUNCTION = YES;
				GCC_WARN_UNUSED_VARIABLE = YES;
				IPHONEOS_DEPLOYMENT_TARGET = 9.0;
				MTL_ENABLE_DEBUG_INFO = YES;
				ONLY_ACTIVE_ARCH = YES;
				SDKROOT = iphoneos;
				SWIFT_ACTIVE_COMPILATION_CONDITIONS = DEBUG;
				SWIFT_OPTIMIZATION_LEVEL = "-Onone";
			};
			name = Debug;
		};
		BE4D9F8D213539630031685F /* Release */ = {
			isa = XCBuildConfiguration;
			buildSettings = {
				ALWAYS_SEARCH_USER_PATHS = NO;
				CLANG_ANALYZER_NONNULL = YES;
				CLANG_ANALYZER_NUMBER_OBJECT_CONVERSION = YES_AGGRESSIVE;
				CLANG_CXX_LANGUAGE_STANDARD = "gnu++14";
				CLANG_CXX_LIBRARY = "libc++";
				CLANG_ENABLE_MODULES = YES;
				CLANG_ENABLE_OBJC_ARC = YES;
				CLANG_ENABLE_OBJC_WEAK = YES;
				CLANG_WARN_BLOCK_CAPTURE_AUTORELEASING = YES;
				CLANG_WARN_BOOL_CONVERSION = YES;
				CLANG_WARN_COMMA = YES;
				CLANG_WARN_CONSTANT_CONVERSION = YES;
				CLANG_WARN_DEPRECATED_OBJC_IMPLEMENTATIONS = YES;
				CLANG_WARN_DIRECT_OBJC_ISA_USAGE = YES_ERROR;
				CLANG_WARN_DOCUMENTATION_COMMENTS = YES;
				CLANG_WARN_EMPTY_BODY = YES;
				CLANG_WARN_ENUM_CONVERSION = YES;
				CLANG_WARN_INFINITE_RECURSION = YES;
				CLANG_WARN_INT_CONVERSION = YES;
				CLANG_WARN_NON_LITERAL_NULL_CONVERSION = YES;
				CLANG_WARN_OBJC_IMPLICIT_RETAIN_SELF = YES;
				CLANG_WARN_OBJC_LITERAL_CONVERSION = YES;
				CLANG_WARN_OBJC_ROOT_CLASS = YES_ERROR;
				CLANG_WARN_RANGE_LOOP_ANALYSIS = YES;
				CLANG_WARN_STRICT_PROTOTYPES = YES;
				CLANG_WARN_SUSPICIOUS_MOVE = YES;
				CLANG_WARN_UNGUARDED_AVAILABILITY = YES_AGGRESSIVE;
				CLANG_WARN_UNREACHABLE_CODE = YES;
				CLANG_WARN__DUPLICATE_METHOD_MATCH = YES;
				CODE_SIGN_IDENTITY = "iPhone Developer";
				COPY_PHASE_STRIP = NO;
				DEBUG_INFORMATION_FORMAT = "dwarf-with-dsym";
				ENABLE_NS_ASSERTIONS = NO;
				ENABLE_STRICT_OBJC_MSGSEND = YES;
				GCC_C_LANGUAGE_STANDARD = gnu11;
				GCC_NO_COMMON_BLOCKS = YES;
				GCC_WARN_64_TO_32_BIT_CONVERSION = YES;
				GCC_WARN_ABOUT_RETURN_TYPE = YES_ERROR;
				GCC_WARN_UNDECLARED_SELECTOR = YES;
				GCC_WARN_UNINITIALIZED_AUTOS = YES_AGGRESSIVE;
				GCC_WARN_UNUSED_FUNCTION = YES;
				GCC_WARN_UNUSED_VARIABLE = YES;
				IPHONEOS_DEPLOYMENT_TARGET = 9.0;
				MTL_ENABLE_DEBUG_INFO = NO;
				SDKROOT = iphoneos;
				SWIFT_COMPILATION_MODE = wholemodule;
				SWIFT_OPTIMIZATION_LEVEL = "-O";
				VALIDATE_PRODUCT = YES;
			};
			name = Release;
		};
		BE4D9F8F213539630031685F /* Debug */ = {
			isa = XCBuildConfiguration;
			baseConfigurationReference = 618C1757598A0DA4DD18DA7B /* Pods-SPBinApp.debug.xcconfig */;
			buildSettings = {
				ASSETCATALOG_COMPILER_APPICON_NAME = AppIcon;
				CODE_SIGN_STYLE = Automatic;
				DEVELOPMENT_TEAM = 23WGTA45EG;
				INFOPLIST_FILE = SPBinApp/Info.plist;
				LD_RUNPATH_SEARCH_PATHS = (
					"$(inherited)",
					"@executable_path/Frameworks",
				);
				LIBRARY_SEARCH_PATHS = (
					"$(inherited)",
					"$(PROJECT_DIR)",
				);
				PRODUCT_BUNDLE_IDENTIFIER = uk.co.paypal.SPBinApp;
				PRODUCT_NAME = "$(TARGET_NAME)";
				SWIFT_OBJC_BRIDGING_HEADER = "${SRCROOT}/SPBinApp/PPRiskBridge.h";
				SWIFT_VERSION = 4.0;
				TARGETED_DEVICE_FAMILY = "1,2";
			};
			name = Debug;
		};
		BE4D9F90213539630031685F /* Release */ = {
			isa = XCBuildConfiguration;
			baseConfigurationReference = 5D861610CAEC8880B554B7DE /* Pods-SPBinApp.release.xcconfig */;
			buildSettings = {
				ASSETCATALOG_COMPILER_APPICON_NAME = AppIcon;
				CODE_SIGN_STYLE = Automatic;
				DEVELOPMENT_TEAM = 23WGTA45EG;
				INFOPLIST_FILE = SPBinApp/Info.plist;
				LD_RUNPATH_SEARCH_PATHS = (
					"$(inherited)",
					"@executable_path/Frameworks",
				);
				LIBRARY_SEARCH_PATHS = (
					"$(inherited)",
					"$(PROJECT_DIR)",
				);
				PRODUCT_BUNDLE_IDENTIFIER = uk.co.paypal.SPBinApp;
				PRODUCT_NAME = "$(TARGET_NAME)";
				SWIFT_OBJC_BRIDGING_HEADER = "${SRCROOT}/SPBinApp/PPRiskBridge.h";
				SWIFT_VERSION = 4.0;
				TARGETED_DEVICE_FAMILY = "1,2";
			};
			name = Release;
		};
/* End XCBuildConfiguration section */

/* Begin XCConfigurationList section */
		BE4D9F77213539620031685F /* Build configuration list for PBXProject "SPBinApp" */ = {
			isa = XCConfigurationList;
			buildConfigurations = (
				BE4D9F8C213539630031685F /* Debug */,
				BE4D9F8D213539630031685F /* Release */,
			);
			defaultConfigurationIsVisible = 0;
			defaultConfigurationName = Release;
		};
		BE4D9F8E213539630031685F /* Build configuration list for PBXNativeTarget "SPBinApp" */ = {
			isa = XCConfigurationList;
			buildConfigurations = (
				BE4D9F8F213539630031685F /* Debug */,
				BE4D9F90213539630031685F /* Release */,
			);
			defaultConfigurationIsVisible = 0;
			defaultConfigurationName = Release;
		};
/* End XCConfigurationList section */
	};
	rootObject = BE4D9F74213539620031685F /* Project object */;
}
